// !$*UTF8*$!
{
	archiveVersion = 1;
	classes = {
	};
	objectVersion = 56;
	objects = {

/* Begin PBXBuildFile section */
		E64B08942A73138200C2786B /* WalletApp.swift in Sources */ = {isa = PBXBuildFile; fileRef = E64B08932A73138200C2786B /* WalletApp.swift */; };
		E64B08982A73138400C2786B /* Assets.xcassets in Resources */ = {isa = PBXBuildFile; fileRef = E64B08972A73138400C2786B /* Assets.xcassets */; };
		E64B089B2A73138400C2786B /* Preview Assets.xcassets in Resources */ = {isa = PBXBuildFile; fileRef = E64B089A2A73138400C2786B /* Preview Assets.xcassets */; };
		E64B08B42A73489500C2786B /* model in Resources */ = {isa = PBXBuildFile; fileRef = E64B08B32A73489500C2786B /* model */; };
		E64B08B62A73489E00C2786B /* view in Resources */ = {isa = PBXBuildFile; fileRef = E64B08B52A73489E00C2786B /* view */; };
		E64B08BE2A7349E400C2786B /* Carteira.swift in Sources */ = {isa = PBXBuildFile; fileRef = E64B08BD2A7349E400C2786B /* Carteira.swift */; };
		E64B08C02A734A1B00C2786B /* TelaInicialView.swift in Sources */ = {isa = PBXBuildFile; fileRef = E64B08BF2A734A1B00C2786B /* TelaInicialView.swift */; };
		E64B08C22A734A4A00C2786B /* TelaGastosView.swift in Sources */ = {isa = PBXBuildFile; fileRef = E64B08C12A734A4A00C2786B /* TelaGastosView.swift */; };
		E64B08C42A734A7400C2786B /* TelaCarteiraView.swift in Sources */ = {isa = PBXBuildFile; fileRef = E64B08C32A734A7400C2786B /* TelaCarteiraView.swift */; };
		E64B08C62A734B5600C2786B /* Gasto.swift in Sources */ = {isa = PBXBuildFile; fileRef = E64B08C52A734B5600C2786B /* Gasto.swift */; };
		E64B08CA2A73F7A800C2786B /* EditarGastoView.swift in Sources */ = {isa = PBXBuildFile; fileRef = E64B08C92A73F7A800C2786B /* EditarGastoView.swift */; };
		E64B08CC2A73F98800C2786B /* TelaNovoGastoView.swift in Sources */ = {isa = PBXBuildFile; fileRef = E64B08CB2A73F98800C2786B /* TelaNovoGastoView.swift */; };
		E64B08D02A73FA9E00C2786B /* DecimalField.swift in Sources */ = {isa = PBXBuildFile; fileRef = E64B08CF2A73FA9E00C2786B /* DecimalField.swift */; };
		E64B08D22A74003900C2786B /* ActiveSheet.swift in Sources */ = {isa = PBXBuildFile; fileRef = E64B08D12A74003900C2786B /* ActiveSheet.swift */; };
		E64B08D42A747E0600C2786B /* TelaBoasVindasView.swift in Sources */ = {isa = PBXBuildFile; fileRef = E64B08D32A747E0600C2786B /* TelaBoasVindasView.swift */; };
		E64B08D62A74A24D00C2786B /* service in Resources */ = {isa = PBXBuildFile; fileRef = E64B08D52A74A24C00C2786B /* service */; };
		E64B08D82A74A26700C2786B /* ExportService.swift in Sources */ = {isa = PBXBuildFile; fileRef = E64B08D72A74A26700C2786B /* ExportService.swift */; };
		E64B08DA2A74A38800C2786B /* Exportable.swift in Sources */ = {isa = PBXBuildFile; fileRef = E64B08D92A74A38800C2786B /* Exportable.swift */; };
		E64B08DC2A74A48F00C2786B /* UIWindowSceneKey.swift in Sources */ = {isa = PBXBuildFile; fileRef = E64B08DB2A74A48F00C2786B /* UIWindowSceneKey.swift */; };
		E64B08DE2A7539BC00C2786B /* InfoCardView.swift in Sources */ = {isa = PBXBuildFile; fileRef = E64B08DD2A7539BC00C2786B /* InfoCardView.swift */; };
		E64B08E22A753C3D00C2786B /* CustomActionButtonView.swift in Sources */ = {isa = PBXBuildFile; fileRef = E64B08E12A753C3D00C2786B /* CustomActionButtonView.swift */; };
		E64B08E62A7556D800C2786B /* ActivityView.swift in Sources */ = {isa = PBXBuildFile; fileRef = E64B08E52A7556D800C2786B /* ActivityView.swift */; };
		E64B08EA2A755D4300C2786B /* AppState.swift in Sources */ = {isa = PBXBuildFile; fileRef = E64B08E92A755D4300C2786B /* AppState.swift */; };
/* End PBXBuildFile section */

/* Begin PBXFileReference section */
		E64B08902A73138200C2786B /* Wallet.app */ = {isa = PBXFileReference; explicitFileType = wrapper.application; includeInIndex = 0; path = Wallet.app; sourceTree = BUILT_PRODUCTS_DIR; };
		E64B08932A73138200C2786B /* WalletApp.swift */ = {isa = PBXFileReference; lastKnownFileType = sourcecode.swift; path = WalletApp.swift; sourceTree = "<group>"; };
		E64B08972A73138400C2786B /* Assets.xcassets */ = {isa = PBXFileReference; lastKnownFileType = folder.assetcatalog; path = Assets.xcassets; sourceTree = "<group>"; };
		E64B089A2A73138400C2786B /* Preview Assets.xcassets */ = {isa = PBXFileReference; lastKnownFileType = folder.assetcatalog; path = "Preview Assets.xcassets"; sourceTree = "<group>"; };
		E64B08B32A73489500C2786B /* model */ = {isa = PBXFileReference; lastKnownFileType = folder; path = model; sourceTree = "<group>"; };
		E64B08B52A73489E00C2786B /* view */ = {isa = PBXFileReference; lastKnownFileType = folder; path = view; sourceTree = "<group>"; };
		E64B08BD2A7349E400C2786B /* Carteira.swift */ = {isa = PBXFileReference; lastKnownFileType = sourcecode.swift; name = Carteira.swift; path = model/Carteira.swift; sourceTree = "<group>"; };
		E64B08BF2A734A1B00C2786B /* TelaInicialView.swift */ = {isa = PBXFileReference; lastKnownFileType = sourcecode.swift; name = TelaInicialView.swift; path = view/TelaInicialView.swift; sourceTree = "<group>"; };
		E64B08C12A734A4A00C2786B /* TelaGastosView.swift */ = {isa = PBXFileReference; lastKnownFileType = sourcecode.swift; name = TelaGastosView.swift; path = view/TelaGastosView.swift; sourceTree = "<group>"; };
		E64B08C32A734A7400C2786B /* TelaCarteiraView.swift */ = {isa = PBXFileReference; lastKnownFileType = sourcecode.swift; name = TelaCarteiraView.swift; path = view/TelaCarteiraView.swift; sourceTree = "<group>"; };
		E64B08C52A734B5600C2786B /* Gasto.swift */ = {isa = PBXFileReference; lastKnownFileType = sourcecode.swift; name = Gasto.swift; path = model/Gasto.swift; sourceTree = "<group>"; };
		E64B08C92A73F7A800C2786B /* EditarGastoView.swift */ = {isa = PBXFileReference; lastKnownFileType = sourcecode.swift; name = EditarGastoView.swift; path = view/EditarGastoView.swift; sourceTree = "<group>"; };
		E64B08CB2A73F98800C2786B /* TelaNovoGastoView.swift */ = {isa = PBXFileReference; lastKnownFileType = sourcecode.swift; name = TelaNovoGastoView.swift; path = view/TelaNovoGastoView.swift; sourceTree = "<group>"; };
		E64B08CF2A73FA9E00C2786B /* DecimalField.swift */ = {isa = PBXFileReference; lastKnownFileType = sourcecode.swift; name = DecimalField.swift; path = view/Components/DecimalField.swift; sourceTree = "<group>"; };
		E64B08D12A74003900C2786B /* ActiveSheet.swift */ = {isa = PBXFileReference; lastKnownFileType = sourcecode.swift; name = ActiveSheet.swift; path = view/Components/ActiveSheet.swift; sourceTree = "<group>"; };
		E64B08D32A747E0600C2786B /* TelaBoasVindasView.swift */ = {isa = PBXFileReference; lastKnownFileType = sourcecode.swift; name = TelaBoasVindasView.swift; path = view/TelaBoasVindasView.swift; sourceTree = "<group>"; };
		E64B08D52A74A24C00C2786B /* service */ = {isa = PBXFileReference; lastKnownFileType = folder; path = service; sourceTree = "<group>"; };
		E64B08D72A74A26700C2786B /* ExportService.swift */ = {isa = PBXFileReference; lastKnownFileType = sourcecode.swift; name = ExportService.swift; path = service/ExportService.swift; sourceTree = "<group>"; };
		E64B08D92A74A38800C2786B /* Exportable.swift */ = {isa = PBXFileReference; lastKnownFileType = sourcecode.swift; name = Exportable.swift; path = view/Components/Exportable.swift; sourceTree = "<group>"; };
		E64B08DB2A74A48F00C2786B /* UIWindowSceneKey.swift */ = {isa = PBXFileReference; lastKnownFileType = sourcecode.swift; name = UIWindowSceneKey.swift; path = view/Components/UIWindowSceneKey.swift; sourceTree = "<group>"; };
		E64B08DD2A7539BC00C2786B /* InfoCardView.swift */ = {isa = PBXFileReference; lastKnownFileType = sourcecode.swift; name = InfoCardView.swift; path = view/Components/InfoCardView.swift; sourceTree = "<group>"; };
		E64B08E12A753C3D00C2786B /* CustomActionButtonView.swift */ = {isa = PBXFileReference; lastKnownFileType = sourcecode.swift; name = CustomActionButtonView.swift; path = view/Components/CustomActionButtonView.swift; sourceTree = "<group>"; };
		E64B08E52A7556D800C2786B /* ActivityView.swift */ = {isa = PBXFileReference; lastKnownFileType = sourcecode.swift; name = ActivityView.swift; path = view/Components/ActivityView.swift; sourceTree = "<group>"; };
		E64B08E92A755D4300C2786B /* AppState.swift */ = {isa = PBXFileReference; lastKnownFileType = sourcecode.swift; name = AppState.swift; path = view/AppState.swift; sourceTree = "<group>"; };
/* End PBXFileReference section */

/* Begin PBXFrameworksBuildPhase section */
		E64B088D2A73138200C2786B /* Frameworks */ = {
			isa = PBXFrameworksBuildPhase;
			buildActionMask = 2147483647;
			files = (
			);
			runOnlyForDeploymentPostprocessing = 0;
		};
/* End PBXFrameworksBuildPhase section */

/* Begin PBXGroup section */
		E64B08872A73138200C2786B = {
			isa = PBXGroup;
			children = (
				E64B08922A73138200C2786B /* Wallet */,
				E64B08912A73138200C2786B /* Products */,
			);
			sourceTree = "<group>";
		};
		E64B08912A73138200C2786B /* Products */ = {
			isa = PBXGroup;
			children = (
				E64B08902A73138200C2786B /* Wallet.app */,
			);
			name = Products;
			sourceTree = "<group>";
		};
		E64B08922A73138200C2786B /* Wallet */ = {
			isa = PBXGroup;
			children = (
				E64B08D52A74A24C00C2786B /* service */,
				E64B08932A73138200C2786B /* WalletApp.swift */,
				E64B08B52A73489E00C2786B /* view */,
				E64B08B32A73489500C2786B /* model */,
				E64B08972A73138400C2786B /* Assets.xcassets */,
				E64B08992A73138400C2786B /* Preview Content */,
				E64B08BD2A7349E400C2786B /* Carteira.swift */,
				E64B08BF2A734A1B00C2786B /* TelaInicialView.swift */,
				E64B08C12A734A4A00C2786B /* TelaGastosView.swift */,
				E64B08C32A734A7400C2786B /* TelaCarteiraView.swift */,
				E64B08C52A734B5600C2786B /* Gasto.swift */,
				E64B08C92A73F7A800C2786B /* EditarGastoView.swift */,
				E64B08CB2A73F98800C2786B /* TelaNovoGastoView.swift */,
				E64B08CF2A73FA9E00C2786B /* DecimalField.swift */,
				E64B08D12A74003900C2786B /* ActiveSheet.swift */,
				E64B08D32A747E0600C2786B /* TelaBoasVindasView.swift */,
				E64B08D72A74A26700C2786B /* ExportService.swift */,
				E64B08D92A74A38800C2786B /* Exportable.swift */,
				E64B08DB2A74A48F00C2786B /* UIWindowSceneKey.swift */,
				E64B08DD2A7539BC00C2786B /* InfoCardView.swift */,
				E64B08E12A753C3D00C2786B /* CustomActionButtonView.swift */,
				E64B08E52A7556D800C2786B /* ActivityView.swift */,
				E64B08E92A755D4300C2786B /* AppState.swift */,
			);
			path = Wallet;
			sourceTree = "<group>";
		};
		E64B08992A73138400C2786B /* Preview Content */ = {
			isa = PBXGroup;
			children = (
				E64B089A2A73138400C2786B /* Preview Assets.xcassets */,
			);
			path = "Preview Content";
			sourceTree = "<group>";
		};
/* End PBXGroup section */

/* Begin PBXNativeTarget section */
		E64B088F2A73138200C2786B /* Wallet */ = {
			isa = PBXNativeTarget;
			buildConfigurationList = E64B089E2A73138400C2786B /* Build configuration list for PBXNativeTarget "Wallet" */;
			buildPhases = (
				E64B088C2A73138200C2786B /* Sources */,
				E64B088D2A73138200C2786B /* Frameworks */,
				E64B088E2A73138200C2786B /* Resources */,
			);
			buildRules = (
			);
			dependencies = (
			);
			name = Wallet;
			productName = Wallet;
			productReference = E64B08902A73138200C2786B /* Wallet.app */;
			productType = "com.apple.product-type.application";
		};
/* End PBXNativeTarget section */

/* Begin PBXProject section */
		E64B08882A73138200C2786B /* Project object */ = {
			isa = PBXProject;
			attributes = {
				BuildIndependentTargetsInParallel = 1;
				LastSwiftUpdateCheck = 1430;
				LastUpgradeCheck = 1430;
				TargetAttributes = {
					E64B088F2A73138200C2786B = {
						CreatedOnToolsVersion = 14.3.1;
					};
				};
			};
			buildConfigurationList = E64B088B2A73138200C2786B /* Build configuration list for PBXProject "Wallet" */;
			compatibilityVersion = "Xcode 14.0";
			developmentRegion = en;
			hasScannedForEncodings = 0;
			knownRegions = (
				en,
				Base,
			);
			mainGroup = E64B08872A73138200C2786B;
			productRefGroup = E64B08912A73138200C2786B /* Products */;
			projectDirPath = "";
			projectRoot = "";
			targets = (
				E64B088F2A73138200C2786B /* Wallet */,
			);
		};
/* End PBXProject section */

/* Begin PBXResourcesBuildPhase section */
		E64B088E2A73138200C2786B /* Resources */ = {
			isa = PBXResourcesBuildPhase;
			buildActionMask = 2147483647;
			files = (
				E64B08B42A73489500C2786B /* model in Resources */,
				E64B08D62A74A24D00C2786B /* service in Resources */,
				E64B089B2A73138400C2786B /* Preview Assets.xcassets in Resources */,
				E64B08982A73138400C2786B /* Assets.xcassets in Resources */,
				E64B08B62A73489E00C2786B /* view in Resources */,
			);
			runOnlyForDeploymentPostprocessing = 0;
		};
/* End PBXResourcesBuildPhase section */

/* Begin PBXSourcesBuildPhase section */
		E64B088C2A73138200C2786B /* Sources */ = {
			isa = PBXSourcesBuildPhase;
			buildActionMask = 2147483647;
			files = (
				E64B08BE2A7349E400C2786B /* Carteira.swift in Sources */,
				E64B08D42A747E0600C2786B /* TelaBoasVindasView.swift in Sources */,
				E64B08D22A74003900C2786B /* ActiveSheet.swift in Sources */,
				E64B08C62A734B5600C2786B /* Gasto.swift in Sources */,
				E64B08C02A734A1B00C2786B /* TelaInicialView.swift in Sources */,
				E64B08E62A7556D800C2786B /* ActivityView.swift in Sources */,
				E64B08CC2A73F98800C2786B /* TelaNovoGastoView.swift in Sources */,
				E64B08CA2A73F7A800C2786B /* EditarGastoView.swift in Sources */,
				E64B08D02A73FA9E00C2786B /* DecimalField.swift in Sources */,
				E64B08E22A753C3D00C2786B /* CustomActionButtonView.swift in Sources */,
				E64B08EA2A755D4300C2786B /* AppState.swift in Sources */,
				E64B08DC2A74A48F00C2786B /* UIWindowSceneKey.swift in Sources */,
				E64B08C22A734A4A00C2786B /* TelaGastosView.swift in Sources */,
				E64B08DA2A74A38800C2786B /* Exportable.swift in Sources */,
				E64B08D82A74A26700C2786B /* ExportService.swift in Sources */,
				E64B08942A73138200C2786B /* WalletApp.swift in Sources */,
				E64B08DE2A7539BC00C2786B /* InfoCardView.swift in Sources */,
				E64B08C42A734A7400C2786B /* TelaCarteiraView.swift in Sources */,
			);
			runOnlyForDeploymentPostprocessing = 0;
		};
/* End PBXSourcesBuildPhase section */

/* Begin XCBuildConfiguration section */
		E64B089C2A73138400C2786B /* Debug */ = {
			isa = XCBuildConfiguration;
			buildSettings = {
				ALWAYS_SEARCH_USER_PATHS = NO;
				CLANG_ANALYZER_NONNULL = YES;
				CLANG_ANALYZER_NUMBER_OBJECT_CONVERSION = YES_AGGRESSIVE;
				CLANG_CXX_LANGUAGE_STANDARD = "gnu++20";
				CLANG_ENABLE_MODULES = YES;
				CLANG_ENABLE_OBJC_ARC = YES;
				CLANG_ENABLE_OBJC_WEAK = YES;
				CLANG_WARN_BLOCK_CAPTURE_AUTORELEASING = YES;
				CLANG_WARN_BOOL_CONVERSION = YES;
				CLANG_WARN_COMMA = YES;
				CLANG_WARN_CONSTANT_CONVERSION = YES;
				CLANG_WARN_DEPRECATED_OBJC_IMPLEMENTATIONS = YES;
				CLANG_WARN_DIRECT_OBJC_ISA_USAGE = YES_ERROR;
				CLANG_WARN_DOCUMENTATION_COMMENTS = YES;
				CLANG_WARN_EMPTY_BODY = YES;
				CLANG_WARN_ENUM_CONVERSION = YES;
				CLANG_WARN_INFINITE_RECURSION = YES;
				CLANG_WARN_INT_CONVERSION = YES;
				CLANG_WARN_NON_LITERAL_NULL_CONVERSION = YES;
				CLANG_WARN_OBJC_IMPLICIT_RETAIN_SELF = YES;
				CLANG_WARN_OBJC_LITERAL_CONVERSION = YES;
				CLANG_WARN_OBJC_ROOT_CLASS = YES_ERROR;
				CLANG_WARN_QUOTED_INCLUDE_IN_FRAMEWORK_HEADER = YES;
				CLANG_WARN_RANGE_LOOP_ANALYSIS = YES;
				CLANG_WARN_STRICT_PROTOTYPES = YES;
				CLANG_WARN_SUSPICIOUS_MOVE = YES;
				CLANG_WARN_UNGUARDED_AVAILABILITY = YES_AGGRESSIVE;
				CLANG_WARN_UNREACHABLE_CODE = YES;
				CLANG_WARN__DUPLICATE_METHOD_MATCH = YES;
				COPY_PHASE_STRIP = NO;
				DEBUG_INFORMATION_FORMAT = dwarf;
				ENABLE_STRICT_OBJC_MSGSEND = YES;
				ENABLE_TESTABILITY = YES;
				GCC_C_LANGUAGE_STANDARD = gnu11;
				GCC_DYNAMIC_NO_PIC = NO;
				GCC_NO_COMMON_BLOCKS = YES;
				GCC_OPTIMIZATION_LEVEL = 0;
				GCC_PREPROCESSOR_DEFINITIONS = (
					"DEBUG=1",
					"$(inherited)",
				);
				GCC_WARN_64_TO_32_BIT_CONVERSION = YES;
				GCC_WARN_ABOUT_RETURN_TYPE = YES_ERROR;
				GCC_WARN_UNDECLARED_SELECTOR = YES;
				GCC_WARN_UNINITIALIZED_AUTOS = YES_AGGRESSIVE;
				GCC_WARN_UNUSED_FUNCTION = YES;
				GCC_WARN_UNUSED_VARIABLE = YES;
				IPHONEOS_DEPLOYMENT_TARGET = 16.4;
				MTL_ENABLE_DEBUG_INFO = INCLUDE_SOURCE;
				MTL_FAST_MATH = YES;
				ONLY_ACTIVE_ARCH = YES;
				SDKROOT = iphoneos;
				SWIFT_ACTIVE_COMPILATION_CONDITIONS = DEBUG;
				SWIFT_OPTIMIZATION_LEVEL = "-Onone";
			};
			name = Debug;
		};
		E64B089D2A73138400C2786B /* Release */ = {
			isa = XCBuildConfiguration;
			buildSettings = {
				ALWAYS_SEARCH_USER_PATHS = NO;
				CLANG_ANALYZER_NONNULL = YES;
				CLANG_ANALYZER_NUMBER_OBJECT_CONVERSION = YES_AGGRESSIVE;
				CLANG_CXX_LANGUAGE_STANDARD = "gnu++20";
				CLANG_ENABLE_MODULES = YES;
				CLANG_ENABLE_OBJC_ARC = YES;
				CLANG_ENABLE_OBJC_WEAK = YES;
				CLANG_WARN_BLOCK_CAPTURE_AUTORELEASING = YES;
				CLANG_WARN_BOOL_CONVERSION = YES;
				CLANG_WARN_COMMA = YES;
				CLANG_WARN_CONSTANT_CONVERSION = YES;
				CLANG_WARN_DEPRECATED_OBJC_IMPLEMENTATIONS = YES;
				CLANG_WARN_DIRECT_OBJC_ISA_USAGE = YES_ERROR;
				CLANG_WARN_DOCUMENTATION_COMMENTS = YES;
				CLANG_WARN_EMPTY_BODY = YES;
				CLANG_WARN_ENUM_CONVERSION = YES;
				CLANG_WARN_INFINITE_RECURSION = YES;
				CLANG_WARN_INT_CONVERSION = YES;
				CLANG_WARN_NON_LITERAL_NULL_CONVERSION = YES;
				CLANG_WARN_OBJC_IMPLICIT_RETAIN_SELF = YES;
				CLANG_WARN_OBJC_LITERAL_CONVERSION = YES;
				CLANG_WARN_OBJC_ROOT_CLASS = YES_ERROR;
				CLANG_WARN_QUOTED_INCLUDE_IN_FRAMEWORK_HEADER = YES;
				CLANG_WARN_RANGE_LOOP_ANALYSIS = YES;
				CLANG_WARN_STRICT_PROTOTYPES = YES;
				CLANG_WARN_SUSPICIOUS_MOVE = YES;
				CLANG_WARN_UNGUARDED_AVAILABILITY = YES_AGGRESSIVE;
				CLANG_WARN_UNREACHABLE_CODE = YES;
				CLANG_WARN__DUPLICATE_METHOD_MATCH = YES;
				COPY_PHASE_STRIP = NO;
				DEBUG_INFORMATION_FORMAT = "dwarf-with-dsym";
				ENABLE_NS_ASSERTIONS = NO;
				ENABLE_STRICT_OBJC_MSGSEND = YES;
				GCC_C_LANGUAGE_STANDARD = gnu11;
				GCC_NO_COMMON_BLOCKS = YES;
				GCC_WARN_64_TO_32_BIT_CONVERSION = YES;
				GCC_WARN_ABOUT_RETURN_TYPE = YES_ERROR;
				GCC_WARN_UNDECLARED_SELECTOR = YES;
				GCC_WARN_UNINITIALIZED_AUTOS = YES_AGGRESSIVE;
				GCC_WARN_UNUSED_FUNCTION = YES;
				GCC_WARN_UNUSED_VARIABLE = YES;
				IPHONEOS_DEPLOYMENT_TARGET = 16.4;
				MTL_ENABLE_DEBUG_INFO = NO;
				MTL_FAST_MATH = YES;
				SDKROOT = iphoneos;
				SWIFT_COMPILATION_MODE = wholemodule;
				SWIFT_OPTIMIZATION_LEVEL = "-O";
				VALIDATE_PRODUCT = YES;
			};
			name = Release;
		};
		E64B089F2A73138400C2786B /* Debug */ = {
			isa = XCBuildConfiguration;
			buildSettings = {
				ASSETCATALOG_COMPILER_APPICON_NAME = AppIcon;
				ASSETCATALOG_COMPILER_GLOBAL_ACCENT_COLOR_NAME = AccentColor;
				CODE_SIGN_STYLE = Automatic;
				CURRENT_PROJECT_VERSION = 1;
				DEVELOPMENT_ASSET_PATHS = "\"Wallet/Preview Content\"";
				DEVELOPMENT_TEAM = VA4K98Q9AM;
				ENABLE_PREVIEWS = YES;
				GENERATE_INFOPLIST_FILE = YES;
				INFOPLIST_KEY_UIApplicationSceneManifest_Generation = YES;
				INFOPLIST_KEY_UIApplicationSupportsIndirectInputEvents = YES;
				INFOPLIST_KEY_UILaunchScreen_Generation = YES;
				INFOPLIST_KEY_UISupportedInterfaceOrientations_iPad = "UIInterfaceOrientationPortrait UIInterfaceOrientationPortraitUpsideDown UIInterfaceOrientationLandscapeLeft UIInterfaceOrientationLandscapeRight";
				INFOPLIST_KEY_UISupportedInterfaceOrientations_iPhone = "UIInterfaceOrientationPortrait UIInterfaceOrientationLandscapeLeft UIInterfaceOrientationLandscapeRight";
				LD_RUNPATH_SEARCH_PATHS = (
					"$(inherited)",
					"@executable_path/Frameworks",
				);
				MARKETING_VERSION = 1.0;
				PRODUCT_BUNDLE_IDENTIFIER = com.ronierison.Wallet;
				PRODUCT_NAME = "$(TARGET_NAME)";
				SWIFT_EMIT_LOC_STRINGS = YES;
				SWIFT_VERSION = 5.0;
				TARGETED_DEVICE_FAMILY = "1,2";
			};
			name = Debug;
		};
		E64B08A02A73138400C2786B /* Release */ = {
			isa = XCBuildConfiguration;
			buildSettings = {
				ASSETCATALOG_COMPILER_APPICON_NAME = AppIcon;
				ASSETCATALOG_COMPILER_GLOBAL_ACCENT_COLOR_NAME = AccentColor;
				CODE_SIGN_STYLE = Automatic;
				CURRENT_PROJECT_VERSION = 1;
				DEVELOPMENT_ASSET_PATHS = "\"Wallet/Preview Content\"";
				DEVELOPMENT_TEAM = VA4K98Q9AM;
				ENABLE_PREVIEWS = YES;
				GENERATE_INFOPLIST_FILE = YES;
				INFOPLIST_KEY_UIApplicationSceneManifest_Generation = YES;
				INFOPLIST_KEY_UIApplicationSupportsIndirectInputEvents = YES;
				INFOPLIST_KEY_UILaunchScreen_Generation = YES;
				INFOPLIST_KEY_UISupportedInterfaceOrientations_iPad = "UIInterfaceOrientationPortrait UIInterfaceOrientationPortraitUpsideDown UIInterfaceOrientationLandscapeLeft UIInterfaceOrientationLandscapeRight";
				INFOPLIST_KEY_UISupportedInterfaceOrientations_iPhone = "UIInterfaceOrientationPortrait UIInterfaceOrientationLandscapeLeft UIInterfaceOrientationLandscapeRight";
				LD_RUNPATH_SEARCH_PATHS = (
					"$(inherited)",
					"@executable_path/Frameworks",
				);
				MARKETING_VERSION = 1.0;
				PRODUCT_BUNDLE_IDENTIFIER = com.ronierison.Wallet;
				PRODUCT_NAME = "$(TARGET_NAME)";
				SWIFT_EMIT_LOC_STRINGS = YES;
				SWIFT_VERSION = 5.0;
				TARGETED_DEVICE_FAMILY = "1,2";
			};
			name = Release;
		};
/* End XCBuildConfiguration section */

/* Begin XCConfigurationList section */
		E64B088B2A73138200C2786B /* Build configuration list for PBXProject "Wallet" */ = {
			isa = XCConfigurationList;
			buildConfigurations = (
				E64B089C2A73138400C2786B /* Debug */,
				E64B089D2A73138400C2786B /* Release */,
			);
			defaultConfigurationIsVisible = 0;
			defaultConfigurationName = Release;
		};
		E64B089E2A73138400C2786B /* Build configuration list for PBXNativeTarget "Wallet" */ = {
			isa = XCConfigurationList;
			buildConfigurations = (
				E64B089F2A73138400C2786B /* Debug */,
				E64B08A02A73138400C2786B /* Release */,
			);
			defaultConfigurationIsVisible = 0;
			defaultConfigurationName = Release;
		};
/* End XCConfigurationList section */
	};
	rootObject = E64B08882A73138200C2786B /* Project object */;
}
